schema: '2.0'
stages:
  data_ingestion:
    cmd: python src/data/data_ingestion.py
    deps:
    - path: src/data/data_ingestion.py
      hash: md5
      md5: 82f3a2ba67f0685aa1dd91f84080c42d
      size: 4277
    params:
      params.yaml:
        data_ingestion.test_size: 0.2
    outs:
    - path: data/raw
      hash: md5
      md5: e13bcce40396cd334c8a7a334868166a.dir
      size: 6919701
      nfiles: 2
  data_preprocessing:
    cmd: python src/data/data_preprocessing.py
    deps:
    - path: data/raw/test.csv
      hash: md5
      md5: ea97ba82a4a25627bf4ffb52572484ea
      size: 1348612
    - path: data/raw/train.csv
      hash: md5
      md5: 1bd422dd6d135bced1d6c64a3e84a45d
      size: 5571089
    - path: src/data/data_preprocessing.py
      hash: md5
      md5: 93a784d33c2ba2535b1e7c9ecc57fc58
      size: 3624
    outs:
    - path: data/interim
      hash: md5
      md5: ba42408e7bd1e85685474d6a349ae57e.dir
      size: 5134850
      nfiles: 2
  feature_engineering:
    cmd: python src/features/feature_engineering.py
    deps:
    - path: data/interim/train_processed.csv
      hash: md5
      md5: 35027dfda8274bd9356544f2ff358aa4
      size: 4134324
    - path: params.yaml
      hash: md5
      md5: e00f371e4c2107e06d3d0c8975c6270f
      size: 540
    - path: src/features/feature_engineering.py
      hash: md5
      md5: 81bab64f885da14ece15abc6a8781394
      size: 7058
    params:
      params.yaml:
        feature_engineering.custom_features_batch_size: 64
        feature_engineering.max_features: 5000
        feature_engineering.ngram_range:
        - 1
        - 3
    outs:
    - path: data/processed/X_train_BOW_custom.pkl
      hash: md5
      md5: f2d34e727ee4d7781721a81827a5e25d
      size: 8958248
    - path: data/processed/bow_vectorizer.pkl
      hash: md5
      md5: 0ad4913e366a9180f9b7096430e3760c
      size: 148286
    - path: data/processed/custom_features_train.csv
      hash: md5
      md5: a468f0fcab3205ae2b3e70aeed92e724
      size: 3440589
    - path: data/processed/y_train.pkl
      hash: md5
      md5: 60ae8d5a2df233794a6287641a5253ca
      size: 235633
  model_building:
    cmd: python src/model/model_building.py
    deps:
    - path: data/processed/X_train_BOW_custom.pkl
      hash: md5
      md5: f2d34e727ee4d7781721a81827a5e25d
      size: 8958248
    - path: data/processed/y_train.pkl
      hash: md5
      md5: 60ae8d5a2df233794a6287641a5253ca
      size: 235633
    - path: params.yaml
      hash: md5
      md5: e00f371e4c2107e06d3d0c8975c6270f
      size: 540
    - path: src/model/model_building.py
      hash: md5
      md5: f64a3c62903781a2d05f0001b7fb8389
      size: 2561
    outs:
    - path: models/lgbm_reddit_sentiment.pkl
      hash: md5
      md5: aac33f0fc53428a4e1acad9c40cc13fc
      size: 4529989
  model_evaluation:
    cmd: python src/model/model_evaluation.py
    deps:
    - path: data/interim/train_processed.csv
      hash: md5
      md5: 35027dfda8274bd9356544f2ff358aa4
      size: 4134324
    - path: data/processed/X_train_BOW_custom.pkl
      hash: md5
      md5: f2d34e727ee4d7781721a81827a5e25d
      size: 8958248
    - path: models/lgbm_reddit_sentiment.pkl
      hash: md5
      md5: aac33f0fc53428a4e1acad9c40cc13fc
      size: 4529989
    - path: src/model/model_evaluation.py
      hash: md5
      md5: 5c4f91b7ebd9a02d07c972dbdac93283
      size: 13966
    outs:
    - path: reports/classification_report.json
      hash: md5
      md5: 0dfb9445e9f8f5d3118ad8d7563b406f
      size: 903
    - path: reports/confusion_matrix_test_set.png
      hash: md5
      md5: bdfe7aaea299a2ecb6ab5ba931a19971
      size: 19710
